
Microsoft Visual Studio Solution File, Format Version 12.00
Project("{FAE04EC0-301F-11D3-BF4B-00C04F79EFBC}") = "JipperResourcePack", "JipperResourcePack\JipperResourcePack.csproj", "{F601ED78-FCBD-4553-96DF-823484985679}"
EndProject
Project("{FAE04EC0-301F-11D3-BF4B-00C04F79EFBC}") = "Installer", "Installer\Installer.csproj", "{B1BD79F4-9B8C-4295-A2EF-5314ED412AC2}"
EndProject
Global
	GlobalSection(SolutionConfigurationPlatforms) = preSolution
		Debug|Any CPU = Debug|Any CPU
		Release|Any CPU = Release|Any CPU
	EndGlobalSection
	GlobalSection(ProjectConfigurationPlatforms) = postSolution
		{F601ED78-FCBD-4553-96DF-823484985679}.Debug|Any CPU.ActiveCfg = Debug|Any CPU
		{F601ED78-FCBD-4553-96DF-823484985679}.Debug|Any CPU.Build.0 = Debug|Any CPU
		{F601ED78-FCBD-4553-96DF-823484985679}.Release|Any CPU.ActiveCfg = Release|Any CPU
		{F601ED78-FCBD-4553-96DF-823484985679}.Release|Any CPU.Build.0 = Release|Any CPU
		{B1BD79F4-9B8C-4295-A2EF-5314ED412AC2}.Debug|Any CPU.ActiveCfg = Debug|Any CPU
		{B1BD79F4-9B8C-4295-A2EF-5314ED412AC2}.Debug|Any CPU.Build.0 = Debug|Any CPU
		{B1BD79F4-9B8C-4295-A2EF-5314ED412AC2}.Release|Any CPU.ActiveCfg = Release|Any CPU
		{B1BD79F4-9B8C-4295-A2EF-5314ED412AC2}.Release|Any CPU.Build.0 = Release|Any CPU
	EndGlobalSection
EndGlobal
